// !$*UTF8*$!
{
	archiveVersion = 1;
	classes = {
	};
	objectVersion = 46;
	objects = {

/* Begin PBXBuildFile section */
		83389AAF192C18AF00A7E9BF /* Player.m in Sources */ = {isa = PBXBuildFile; fileRef = 83389AAE192C18AF00A7E9BF /* Player.m */; };
		83389AB5192C18B000A7E9BF /* Stats.m in Sources */ = {isa = PBXBuildFile; fileRef = 83389AB4192C18B000A7E9BF /* Stats.m */; };
		83389AB8192C18D800A7E9BF /* Team+Create.m in Sources */ = {isa = PBXBuildFile; fileRef = 83389AB7192C18D800A7E9BF /* Team+Create.m */; };
		83389ABE192C1BBC00A7E9BF /* Team.m in Sources */ = {isa = PBXBuildFile; fileRef = 83389ABD192C1BBC00A7E9BF /* Team.m */; };
		8338CA6D191C4D7F003450C2 /* VBPlayerCVC.m in Sources */ = {isa = PBXBuildFile; fileRef = 8338CA6C191C4D7F003450C2 /* VBPlayerCVC.m */; };
		833A22A11919A43900626A12 /* Stats+Create.m in Sources */ = {isa = PBXBuildFile; fileRef = 833A22A01919A43900626A12 /* Stats+Create.m */; };
		8363F89119185297003DE4FA /* Game.m in Sources */ = {isa = PBXBuildFile; fileRef = 8363F89019185297003DE4FA /* Game.m */; };
		8363F89B19185317003DE4FA /* Game+Create.m in Sources */ = {isa = PBXBuildFile; fileRef = 8363F89A19185317003DE4FA /* Game+Create.m */; };
		837CC3BE18EE1FA200BB7DF7 /* Foundation.framework in Frameworks */ = {isa = PBXBuildFile; fileRef = 837CC3BD18EE1FA200BB7DF7 /* Foundation.framework */; };
		837CC3C018EE1FA200BB7DF7 /* CoreGraphics.framework in Frameworks */ = {isa = PBXBuildFile; fileRef = 837CC3BF18EE1FA200BB7DF7 /* CoreGraphics.framework */; };
		837CC3C218EE1FA200BB7DF7 /* UIKit.framework in Frameworks */ = {isa = PBXBuildFile; fileRef = 837CC3C118EE1FA200BB7DF7 /* UIKit.framework */; };
		837CC3C818EE1FA200BB7DF7 /* InfoPlist.strings in Resources */ = {isa = PBXBuildFile; fileRef = 837CC3C618EE1FA200BB7DF7 /* InfoPlist.strings */; };
		837CC3CA18EE1FA200BB7DF7 /* main.m in Sources */ = {isa = PBXBuildFile; fileRef = 837CC3C918EE1FA200BB7DF7 /* main.m */; };
		837CC3CE18EE1FA200BB7DF7 /* VBAppDelegate.m in Sources */ = {isa = PBXBuildFile; fileRef = 837CC3CD18EE1FA200BB7DF7 /* VBAppDelegate.m */; };
		837CC3D118EE1FA200BB7DF7 /* Main.storyboard in Resources */ = {isa = PBXBuildFile; fileRef = 837CC3CF18EE1FA200BB7DF7 /* Main.storyboard */; };
		837CC3D418EE1FA200BB7DF7 /* VBViewController.m in Sources */ = {isa = PBXBuildFile; fileRef = 837CC3D318EE1FA200BB7DF7 /* VBViewController.m */; };
		837CC3D618EE1FA200BB7DF7 /* Images.xcassets in Resources */ = {isa = PBXBuildFile; fileRef = 837CC3D518EE1FA200BB7DF7 /* Images.xcassets */; };
		837CC3DD18EE1FA200BB7DF7 /* XCTest.framework in Frameworks */ = {isa = PBXBuildFile; fileRef = 837CC3DC18EE1FA200BB7DF7 /* XCTest.framework */; };
		837CC3DE18EE1FA200BB7DF7 /* Foundation.framework in Frameworks */ = {isa = PBXBuildFile; fileRef = 837CC3BD18EE1FA200BB7DF7 /* Foundation.framework */; };
		837CC3DF18EE1FA200BB7DF7 /* UIKit.framework in Frameworks */ = {isa = PBXBuildFile; fileRef = 837CC3C118EE1FA200BB7DF7 /* UIKit.framework */; };
		837CC3E718EE1FA200BB7DF7 /* InfoPlist.strings in Resources */ = {isa = PBXBuildFile; fileRef = 837CC3E518EE1FA200BB7DF7 /* InfoPlist.strings */; };
		837CC3E918EE1FA200BB7DF7 /* Volleyball_Stats_ProTests.m in Sources */ = {isa = PBXBuildFile; fileRef = 837CC3E818EE1FA200BB7DF7 /* Volleyball_Stats_ProTests.m */; };
		838B5CA6192C2851001DF6F8 /* VBMenuVC.m in Sources */ = {isa = PBXBuildFile; fileRef = 838B5CA5192C2851001DF6F8 /* VBMenuVC.m */; };
		83980EE2191D9A46001C205E /* VBStatCVCell.xib in Resources */ = {isa = PBXBuildFile; fileRef = 83980EE1191D9A46001C205E /* VBStatCVCell.xib */; };
		83980EE5191D9AEA001C205E /* VBStatCVCell.m in Sources */ = {isa = PBXBuildFile; fileRef = 83980EE4191D9AEA001C205E /* VBStatCVCell.m */; };
		83988AA41911BA4E0000FE95 /* VBTeamTVC.m in Sources */ = {isa = PBXBuildFile; fileRef = 83988AA31911BA4E0000FE95 /* VBTeamTVC.m */; };
		839A581A1905DB6F00512E52 /* Player.xcdatamodeld in Sources */ = {isa = PBXBuildFile; fileRef = 839A58181905DB6F00512E52 /* Player.xcdatamodeld */; };
		839A582D1905DEAC00512E52 /* Player+Create.m in Sources */ = {isa = PBXBuildFile; fileRef = 839A582C1905DEAC00512E52 /* Player+Create.m */; };
		83A95BA31925494800F966A7 /* VBStatsTVC.m in Sources */ = {isa = PBXBuildFile; fileRef = 83A95BA21925494800F966A7 /* VBStatsTVC.m */; };
		83DCCD7D19106BF000A4DC6E /* VBPlayerTVC.m in Sources */ = {isa = PBXBuildFile; fileRef = 83DCCD7C19106BF000A4DC6E /* VBPlayerTVC.m */; };
		83F49F051926E1090016071C /* VBStatsHistoryTVC.m in Sources */ = {isa = PBXBuildFile; fileRef = 83F49F041926E1090016071C /* VBStatsHistoryTVC.m */; };
		83F49F081926E7840016071C /* VBGameTVC.m in Sources */ = {isa = PBXBuildFile; fileRef = 83F49F071926E7840016071C /* VBGameTVC.m */; };
/* End PBXBuildFile section */

/* Begin PBXContainerItemProxy section */
		837CC3E018EE1FA200BB7DF7 /* PBXContainerItemProxy */ = {
			isa = PBXContainerItemProxy;
			containerPortal = 837CC3B218EE1FA200BB7DF7 /* Project object */;
			proxyType = 1;
			remoteGlobalIDString = 837CC3B918EE1FA200BB7DF7;
			remoteInfo = "Volleyball Stats Pro";
		};
/* End PBXContainerItemProxy section */

/* Begin PBXFileReference section */
		83389AAD192C18AF00A7E9BF /* Player.h */ = {isa = PBXFileReference; fileEncoding = 4; lastKnownFileType = sourcecode.c.h; path = Player.h; sourceTree = "<group>"; };
		83389AAE192C18AF00A7E9BF /* Player.m */ = {isa = PBXFileReference; fileEncoding = 4; lastKnownFileType = sourcecode.c.objc; path = Player.m; sourceTree = "<group>"; };
		83389AB3192C18B000A7E9BF /* Stats.h */ = {isa = PBXFileReference; fileEncoding = 4; lastKnownFileType = sourcecode.c.h; path = Stats.h; sourceTree = "<group>"; };
		83389AB4192C18B000A7E9BF /* Stats.m */ = {isa = PBXFileReference; fileEncoding = 4; lastKnownFileType = sourcecode.c.objc; path = Stats.m; sourceTree = "<group>"; };
		83389AB6192C18D800A7E9BF /* Team+Create.h */ = {isa = PBXFileReference; fileEncoding = 4; lastKnownFileType = sourcecode.c.h; path = "Team+Create.h"; sourceTree = "<group>"; };
		83389AB7192C18D800A7E9BF /* Team+Create.m */ = {isa = PBXFileReference; fileEncoding = 4; lastKnownFileType = sourcecode.c.objc; path = "Team+Create.m"; sourceTree = "<group>"; };
		83389ABC192C1BBC00A7E9BF /* Team.h */ = {isa = PBXFileReference; fileEncoding = 4; lastKnownFileType = sourcecode.c.h; name = Team.h; path = ../Team.h; sourceTree = "<group>"; };
		83389ABD192C1BBC00A7E9BF /* Team.m */ = {isa = PBXFileReference; fileEncoding = 4; lastKnownFileType = sourcecode.c.objc; name = Team.m; path = ../Team.m; sourceTree = "<group>"; };
		8338CA6B191C4D7F003450C2 /* VBPlayerCVC.h */ = {isa = PBXFileReference; fileEncoding = 4; lastKnownFileType = sourcecode.c.h; path = VBPlayerCVC.h; sourceTree = "<group>"; };
		8338CA6C191C4D7F003450C2 /* VBPlayerCVC.m */ = {isa = PBXFileReference; fileEncoding = 4; lastKnownFileType = sourcecode.c.objc; path = VBPlayerCVC.m; sourceTree = "<group>"; };
		833A229F1919A43900626A12 /* Stats+Create.h */ = {isa = PBXFileReference; fileEncoding = 4; lastKnownFileType = sourcecode.c.h; path = "Stats+Create.h"; sourceTree = "<group>"; };
		833A22A01919A43900626A12 /* Stats+Create.m */ = {isa = PBXFileReference; fileEncoding = 4; lastKnownFileType = sourcecode.c.objc; path = "Stats+Create.m"; sourceTree = "<group>"; };
		8363F88F19185297003DE4FA /* Game.h */ = {isa = PBXFileReference; fileEncoding = 4; lastKnownFileType = sourcecode.c.h; name = Game.h; path = ../Game.h; sourceTree = "<group>"; };
		8363F89019185297003DE4FA /* Game.m */ = {isa = PBXFileReference; fileEncoding = 4; lastKnownFileType = sourcecode.c.objc; name = Game.m; path = ../Game.m; sourceTree = "<group>"; };
		8363F89919185317003DE4FA /* Game+Create.h */ = {isa = PBXFileReference; fileEncoding = 4; lastKnownFileType = sourcecode.c.h; path = "Game+Create.h"; sourceTree = "<group>"; };
		8363F89A19185317003DE4FA /* Game+Create.m */ = {isa = PBXFileReference; fileEncoding = 4; lastKnownFileType = sourcecode.c.objc; path = "Game+Create.m"; sourceTree = "<group>"; };
		837CC3BA18EE1FA200BB7DF7 /* Volleyball Stats Pro.app */ = {isa = PBXFileReference; explicitFileType = wrapper.application; includeInIndex = 0; path = "Volleyball Stats Pro.app"; sourceTree = BUILT_PRODUCTS_DIR; };
		837CC3BD18EE1FA200BB7DF7 /* Foundation.framework */ = {isa = PBXFileReference; lastKnownFileType = wrapper.framework; name = Foundation.framework; path = System/Library/Frameworks/Foundation.framework; sourceTree = SDKROOT; };
		837CC3BF18EE1FA200BB7DF7 /* CoreGraphics.framework */ = {isa = PBXFileReference; lastKnownFileType = wrapper.framework; name = CoreGraphics.framework; path = System/Library/Frameworks/CoreGraphics.framework; sourceTree = SDKROOT; };
		837CC3C118EE1FA200BB7DF7 /* UIKit.framework */ = {isa = PBXFileReference; lastKnownFileType = wrapper.framework; name = UIKit.framework; path = System/Library/Frameworks/UIKit.framework; sourceTree = SDKROOT; };
		837CC3C518EE1FA200BB7DF7 /* Volleyball Stats Pro-Info.plist */ = {isa = PBXFileReference; lastKnownFileType = text.plist.xml; path = "Volleyball Stats Pro-Info.plist"; sourceTree = "<group>"; };
		837CC3C718EE1FA200BB7DF7 /* en */ = {isa = PBXFileReference; lastKnownFileType = text.plist.strings; name = en; path = en.lproj/InfoPlist.strings; sourceTree = "<group>"; };
		837CC3C918EE1FA200BB7DF7 /* main.m */ = {isa = PBXFileReference; lastKnownFileType = sourcecode.c.objc; path = main.m; sourceTree = "<group>"; };
		837CC3CB18EE1FA200BB7DF7 /* Volleyball Stats Pro-Prefix.pch */ = {isa = PBXFileReference; lastKnownFileType = sourcecode.c.h; path = "Volleyball Stats Pro-Prefix.pch"; sourceTree = "<group>"; };
		837CC3CC18EE1FA200BB7DF7 /* VBAppDelegate.h */ = {isa = PBXFileReference; lastKnownFileType = sourcecode.c.h; path = VBAppDelegate.h; sourceTree = "<group>"; };
		837CC3CD18EE1FA200BB7DF7 /* VBAppDelegate.m */ = {isa = PBXFileReference; lastKnownFileType = sourcecode.c.objc; path = VBAppDelegate.m; sourceTree = "<group>"; };
		837CC3D018EE1FA200BB7DF7 /* Base */ = {isa = PBXFileReference; lastKnownFileType = file.storyboard; name = Base; path = Base.lproj/Main.storyboard; sourceTree = "<group>"; };
		837CC3D218EE1FA200BB7DF7 /* VBViewController.h */ = {isa = PBXFileReference; lastKnownFileType = sourcecode.c.h; path = VBViewController.h; sourceTree = "<group>"; };
		837CC3D318EE1FA200BB7DF7 /* VBViewController.m */ = {isa = PBXFileReference; lastKnownFileType = sourcecode.c.objc; path = VBViewController.m; sourceTree = "<group>"; };
		837CC3D518EE1FA200BB7DF7 /* Images.xcassets */ = {isa = PBXFileReference; lastKnownFileType = folder.assetcatalog; path = Images.xcassets; sourceTree = "<group>"; };
		837CC3DB18EE1FA200BB7DF7 /* Volleyball Stats ProTests.xctest */ = {isa = PBXFileReference; explicitFileType = wrapper.cfbundle; includeInIndex = 0; path = "Volleyball Stats ProTests.xctest"; sourceTree = BUILT_PRODUCTS_DIR; };
		837CC3DC18EE1FA200BB7DF7 /* XCTest.framework */ = {isa = PBXFileReference; lastKnownFileType = wrapper.framework; name = XCTest.framework; path = Library/Frameworks/XCTest.framework; sourceTree = DEVELOPER_DIR; };
		837CC3E418EE1FA200BB7DF7 /* Volleyball Stats ProTests-Info.plist */ = {isa = PBXFileReference; lastKnownFileType = text.plist.xml; path = "Volleyball Stats ProTests-Info.plist"; sourceTree = "<group>"; };
		837CC3E618EE1FA200BB7DF7 /* en */ = {isa = PBXFileReference; lastKnownFileType = text.plist.strings; name = en; path = en.lproj/InfoPlist.strings; sourceTree = "<group>"; };
		837CC3E818EE1FA200BB7DF7 /* Volleyball_Stats_ProTests.m */ = {isa = PBXFileReference; lastKnownFileType = sourcecode.c.objc; path = Volleyball_Stats_ProTests.m; sourceTree = "<group>"; };
		838B5CA4192C2851001DF6F8 /* VBMenuVC.h */ = {isa = PBXFileReference; fileEncoding = 4; lastKnownFileType = sourcecode.c.h; path = VBMenuVC.h; sourceTree = "<group>"; };
		838B5CA5192C2851001DF6F8 /* VBMenuVC.m */ = {isa = PBXFileReference; fileEncoding = 4; lastKnownFileType = sourcecode.c.objc; path = VBMenuVC.m; sourceTree = "<group>"; };
		83980EE1191D9A46001C205E /* VBStatCVCell.xib */ = {isa = PBXFileReference; fileEncoding = 4; lastKnownFileType = file.xib; path = VBStatCVCell.xib; sourceTree = "<group>"; };
		83980EE3191D9AEA001C205E /* VBStatCVCell.h */ = {isa = PBXFileReference; fileEncoding = 4; lastKnownFileType = sourcecode.c.h; path = VBStatCVCell.h; sourceTree = "<group>"; };
		83980EE4191D9AEA001C205E /* VBStatCVCell.m */ = {isa = PBXFileReference; fileEncoding = 4; lastKnownFileType = sourcecode.c.objc; path = VBStatCVCell.m; sourceTree = "<group>"; };
		83988AA21911BA4E0000FE95 /* VBTeamTVC.h */ = {isa = PBXFileReference; fileEncoding = 4; lastKnownFileType = sourcecode.c.h; path = VBTeamTVC.h; sourceTree = "<group>"; };
		83988AA31911BA4E0000FE95 /* VBTeamTVC.m */ = {isa = PBXFileReference; fileEncoding = 4; lastKnownFileType = sourcecode.c.objc; path = VBTeamTVC.m; sourceTree = "<group>"; };
		839A58191905DB6F00512E52 /* Player.xcdatamodel */ = {isa = PBXFileReference; lastKnownFileType = wrapper.xcdatamodel; path = Player.xcdatamodel; sourceTree = "<group>"; };
		839A582B1905DEAC00512E52 /* Player+Create.h */ = {isa = PBXFileReference; fileEncoding = 4; lastKnownFileType = sourcecode.c.h; path = "Player+Create.h"; sourceTree = "<group>"; };
		839A582C1905DEAC00512E52 /* Player+Create.m */ = {isa = PBXFileReference; fileEncoding = 4; lastKnownFileType = sourcecode.c.objc; path = "Player+Create.m"; sourceTree = "<group>"; };
		83A95BA11925494800F966A7 /* VBStatsTVC.h */ = {isa = PBXFileReference; fileEncoding = 4; lastKnownFileType = sourcecode.c.h; path = VBStatsTVC.h; sourceTree = "<group>"; };
		83A95BA21925494800F966A7 /* VBStatsTVC.m */ = {isa = PBXFileReference; fileEncoding = 4; lastKnownFileType = sourcecode.c.objc; path = VBStatsTVC.m; sourceTree = "<group>"; };
		83DCCD7B19106BF000A4DC6E /* VBPlayerTVC.h */ = {isa = PBXFileReference; fileEncoding = 4; lastKnownFileType = sourcecode.c.h; path = VBPlayerTVC.h; sourceTree = "<group>"; };
		83DCCD7C19106BF000A4DC6E /* VBPlayerTVC.m */ = {isa = PBXFileReference; fileEncoding = 4; lastKnownFileType = sourcecode.c.objc; path = VBPlayerTVC.m; sourceTree = "<group>"; };
		83F49F031926E1090016071C /* VBStatsHistoryTVC.h */ = {isa = PBXFileReference; fileEncoding = 4; lastKnownFileType = sourcecode.c.h; path = VBStatsHistoryTVC.h; sourceTree = "<group>"; };
		83F49F041926E1090016071C /* VBStatsHistoryTVC.m */ = {isa = PBXFileReference; fileEncoding = 4; lastKnownFileType = sourcecode.c.objc; path = VBStatsHistoryTVC.m; sourceTree = "<group>"; };
		83F49F061926E7840016071C /* VBGameTVC.h */ = {isa = PBXFileReference; fileEncoding = 4; lastKnownFileType = sourcecode.c.h; path = VBGameTVC.h; sourceTree = "<group>"; };
		83F49F071926E7840016071C /* VBGameTVC.m */ = {isa = PBXFileReference; fileEncoding = 4; lastKnownFileType = sourcecode.c.objc; path = VBGameTVC.m; sourceTree = "<group>"; };
/* End PBXFileReference section */

/* Begin PBXFrameworksBuildPhase section */
		837CC3B718EE1FA200BB7DF7 /* Frameworks */ = {
			isa = PBXFrameworksBuildPhase;
			buildActionMask = 2147483647;
			files = (
				837CC3C018EE1FA200BB7DF7 /* CoreGraphics.framework in Frameworks */,
				837CC3C218EE1FA200BB7DF7 /* UIKit.framework in Frameworks */,
				837CC3BE18EE1FA200BB7DF7 /* Foundation.framework in Frameworks */,
			);
			runOnlyForDeploymentPostprocessing = 0;
		};
		837CC3D818EE1FA200BB7DF7 /* Frameworks */ = {
			isa = PBXFrameworksBuildPhase;
			buildActionMask = 2147483647;
			files = (
				837CC3DD18EE1FA200BB7DF7 /* XCTest.framework in Frameworks */,
				837CC3DF18EE1FA200BB7DF7 /* UIKit.framework in Frameworks */,
				837CC3DE18EE1FA200BB7DF7 /* Foundation.framework in Frameworks */,
			);
			runOnlyForDeploymentPostprocessing = 0;
		};
/* End PBXFrameworksBuildPhase section */

/* Begin PBXGroup section */
		837CC3B118EE1FA200BB7DF7 = {
			isa = PBXGroup;
			children = (
				837CC3C318EE1FA200BB7DF7 /* Volleyball Stats Pro */,
				837CC3E218EE1FA200BB7DF7 /* Volleyball Stats ProTests */,
				837CC3BC18EE1FA200BB7DF7 /* Frameworks */,
				837CC3BB18EE1FA200BB7DF7 /* Products */,
			);
			sourceTree = "<group>";
		};
		837CC3BB18EE1FA200BB7DF7 /* Products */ = {
			isa = PBXGroup;
			children = (
				837CC3BA18EE1FA200BB7DF7 /* Volleyball Stats Pro.app */,
				837CC3DB18EE1FA200BB7DF7 /* Volleyball Stats ProTests.xctest */,
			);
			name = Products;
			sourceTree = "<group>";
		};
		837CC3BC18EE1FA200BB7DF7 /* Frameworks */ = {
			isa = PBXGroup;
			children = (
				837CC3BD18EE1FA200BB7DF7 /* Foundation.framework */,
				837CC3BF18EE1FA200BB7DF7 /* CoreGraphics.framework */,
				837CC3C118EE1FA200BB7DF7 /* UIKit.framework */,
				837CC3DC18EE1FA200BB7DF7 /* XCTest.framework */,
			);
			name = Frameworks;
			sourceTree = "<group>";
		};
		837CC3C318EE1FA200BB7DF7 /* Volleyball Stats Pro */ = {
			isa = PBXGroup;
			children = (
				83F49F091926E7A30016071C /* Table View Controllers */,
				839A582A1905DE7A00512E52 /* Customized */,
				837CC3CC18EE1FA200BB7DF7 /* VBAppDelegate.h */,
				837CC3CD18EE1FA200BB7DF7 /* VBAppDelegate.m */,
				837CC3CF18EE1FA200BB7DF7 /* Main.storyboard */,
				839A58181905DB6F00512E52 /* Player.xcdatamodeld */,
				837CC3D218EE1FA200BB7DF7 /* VBViewController.h */,
				837CC3D318EE1FA200BB7DF7 /* VBViewController.m */,
				837CC3D518EE1FA200BB7DF7 /* Images.xcassets */,
				837CC3C418EE1FA200BB7DF7 /* Supporting Files */,
			);
			path = "Volleyball Stats Pro";
			sourceTree = "<group>";
		};
		837CC3C418EE1FA200BB7DF7 /* Supporting Files */ = {
			isa = PBXGroup;
			children = (
				837CC3C518EE1FA200BB7DF7 /* Volleyball Stats Pro-Info.plist */,
				837CC3C618EE1FA200BB7DF7 /* InfoPlist.strings */,
				837CC3C918EE1FA200BB7DF7 /* main.m */,
				837CC3CB18EE1FA200BB7DF7 /* Volleyball Stats Pro-Prefix.pch */,
			);
			name = "Supporting Files";
			sourceTree = "<group>";
		};
		837CC3E218EE1FA200BB7DF7 /* Volleyball Stats ProTests */ = {
			isa = PBXGroup;
			children = (
				837CC3E818EE1FA200BB7DF7 /* Volleyball_Stats_ProTests.m */,
				837CC3E318EE1FA200BB7DF7 /* Supporting Files */,
			);
			path = "Volleyball Stats ProTests";
			sourceTree = "<group>";
		};
		837CC3E318EE1FA200BB7DF7 /* Supporting Files */ = {
			isa = PBXGroup;
			children = (
				837CC3E418EE1FA200BB7DF7 /* Volleyball Stats ProTests-Info.plist */,
				837CC3E518EE1FA200BB7DF7 /* InfoPlist.strings */,
			);
			name = "Supporting Files";
			sourceTree = "<group>";
		};
		839A582A1905DE7A00512E52 /* Customized */ = {
			isa = PBXGroup;
			children = (
				83389AAD192C18AF00A7E9BF /* Player.h */,
				83389AAE192C18AF00A7E9BF /* Player.m */,
				83389AB3192C18B000A7E9BF /* Stats.h */,
				83389AB4192C18B000A7E9BF /* Stats.m */,
				8363F88F19185297003DE4FA /* Game.h */,
				8363F89019185297003DE4FA /* Game.m */,
				83389ABC192C1BBC00A7E9BF /* Team.h */,
				83389ABD192C1BBC00A7E9BF /* Team.m */,
				839A582B1905DEAC00512E52 /* Player+Create.h */,
				839A582C1905DEAC00512E52 /* Player+Create.m */,
				833A229F1919A43900626A12 /* Stats+Create.h */,
				833A22A01919A43900626A12 /* Stats+Create.m */,
				8363F89919185317003DE4FA /* Game+Create.h */,
				8363F89A19185317003DE4FA /* Game+Create.m */,
				83389AB6192C18D800A7E9BF /* Team+Create.h */,
				83389AB7192C18D800A7E9BF /* Team+Create.m */,
				838B5CA4192C2851001DF6F8 /* VBMenuVC.h */,
				838B5CA5192C2851001DF6F8 /* VBMenuVC.m */,
				8338CA6B191C4D7F003450C2 /* VBPlayerCVC.h */,
				8338CA6C191C4D7F003450C2 /* VBPlayerCVC.m */,
				83980EE3191D9AEA001C205E /* VBStatCVCell.h */,
				83980EE4191D9AEA001C205E /* VBStatCVCell.m */,
				83980EE1191D9A46001C205E /* VBStatCVCell.xib */,
			);
			name = Customized;
			sourceTree = "<group>";
		};
		83F49F091926E7A30016071C /* Table View Controllers */ = {
			isa = PBXGroup;
			children = (
				83DCCD7B19106BF000A4DC6E /* VBPlayerTVC.h */,
				83DCCD7C19106BF000A4DC6E /* VBPlayerTVC.m */,
				83988AA21911BA4E0000FE95 /* VBTeamTVC.h */,
				83988AA31911BA4E0000FE95 /* VBTeamTVC.m */,
				83A95BA11925494800F966A7 /* VBStatsTVC.h */,
				83A95BA21925494800F966A7 /* VBStatsTVC.m */,
				83F49F031926E1090016071C /* VBStatsHistoryTVC.h */,
				83F49F041926E1090016071C /* VBStatsHistoryTVC.m */,
				83F49F061926E7840016071C /* VBGameTVC.h */,
				83F49F071926E7840016071C /* VBGameTVC.m */,
			);
			name = "Table View Controllers";
			sourceTree = "<group>";
		};
/* End PBXGroup section */

/* Begin PBXNativeTarget section */
		837CC3B918EE1FA200BB7DF7 /* Volleyball Stats Pro */ = {
			isa = PBXNativeTarget;
			buildConfigurationList = 837CC3EC18EE1FA200BB7DF7 /* Build configuration list for PBXNativeTarget "Volleyball Stats Pro" */;
			buildPhases = (
				837CC3B618EE1FA200BB7DF7 /* Sources */,
				837CC3B718EE1FA200BB7DF7 /* Frameworks */,
				837CC3B818EE1FA200BB7DF7 /* Resources */,
			);
			buildRules = (
			);
			dependencies = (
			);
			name = "Volleyball Stats Pro";
			productName = "Volleyball Stats Pro";
			productReference = 837CC3BA18EE1FA200BB7DF7 /* Volleyball Stats Pro.app */;
			productType = "com.apple.product-type.application";
		};
		837CC3DA18EE1FA200BB7DF7 /* Volleyball Stats ProTests */ = {
			isa = PBXNativeTarget;
			buildConfigurationList = 837CC3EF18EE1FA200BB7DF7 /* Build configuration list for PBXNativeTarget "Volleyball Stats ProTests" */;
			buildPhases = (
				837CC3D718EE1FA200BB7DF7 /* Sources */,
				837CC3D818EE1FA200BB7DF7 /* Frameworks */,
				837CC3D918EE1FA200BB7DF7 /* Resources */,
			);
			buildRules = (
			);
			dependencies = (
				837CC3E118EE1FA200BB7DF7 /* PBXTargetDependency */,
			);
			name = "Volleyball Stats ProTests";
			productName = "Volleyball Stats ProTests";
			productReference = 837CC3DB18EE1FA200BB7DF7 /* Volleyball Stats ProTests.xctest */;
			productType = "com.apple.product-type.bundle.unit-test";
		};
/* End PBXNativeTarget section */

/* Begin PBXProject section */
		837CC3B218EE1FA200BB7DF7 /* Project object */ = {
			isa = PBXProject;
			attributes = {
				CLASSPREFIX = VB;
				LastUpgradeCheck = 0510;
				ORGANIZATIONNAME = "Nikolai Chen";
				TargetAttributes = {
					837CC3DA18EE1FA200BB7DF7 = {
						TestTargetID = 837CC3B918EE1FA200BB7DF7;
					};
				};
			};
			buildConfigurationList = 837CC3B518EE1FA200BB7DF7 /* Build configuration list for PBXProject "Volleyball Stats Pro" */;
			compatibilityVersion = "Xcode 3.2";
			developmentRegion = English;
			hasScannedForEncodings = 0;
			knownRegions = (
				en,
				Base,
			);
			mainGroup = 837CC3B118EE1FA200BB7DF7;
			productRefGroup = 837CC3BB18EE1FA200BB7DF7 /* Products */;
			projectDirPath = "";
			projectRoot = "";
			targets = (
				837CC3B918EE1FA200BB7DF7 /* Volleyball Stats Pro */,
				837CC3DA18EE1FA200BB7DF7 /* Volleyball Stats ProTests */,
			);
		};
/* End PBXProject section */

/* Begin PBXResourcesBuildPhase section */
		837CC3B818EE1FA200BB7DF7 /* Resources */ = {
			isa = PBXResourcesBuildPhase;
			buildActionMask = 2147483647;
			files = (
				837CC3D618EE1FA200BB7DF7 /* Images.xcassets in Resources */,
				837CC3C818EE1FA200BB7DF7 /* InfoPlist.strings in Resources */,
				83980EE2191D9A46001C205E /* VBStatCVCell.xib in Resources */,
				837CC3D118EE1FA200BB7DF7 /* Main.storyboard in Resources */,
			);
			runOnlyForDeploymentPostprocessing = 0;
		};
		837CC3D918EE1FA200BB7DF7 /* Resources */ = {
			isa = PBXResourcesBuildPhase;
			buildActionMask = 2147483647;
			files = (
				837CC3E718EE1FA200BB7DF7 /* InfoPlist.strings in Resources */,
			);
			runOnlyForDeploymentPostprocessing = 0;
		};
/* End PBXResourcesBuildPhase section */

/* Begin PBXSourcesBuildPhase section */
		837CC3B618EE1FA200BB7DF7 /* Sources */ = {
			isa = PBXSourcesBuildPhase;
			buildActionMask = 2147483647;
			files = (
				83389AAF192C18AF00A7E9BF /* Player.m in Sources */,
				839A582D1905DEAC00512E52 /* Player+Create.m in Sources */,
				83DCCD7D19106BF000A4DC6E /* VBPlayerTVC.m in Sources */,
				83988AA41911BA4E0000FE95 /* VBTeamTVC.m in Sources */,
				83389AB8192C18D800A7E9BF /* Team+Create.m in Sources */,
				83F49F051926E1090016071C /* VBStatsHistoryTVC.m in Sources */,
				83A95BA31925494800F966A7 /* VBStatsTVC.m in Sources */,
				8363F89119185297003DE4FA /* Game.m in Sources */,
				83389ABE192C1BBC00A7E9BF /* Team.m in Sources */,
				839A581A1905DB6F00512E52 /* Player.xcdatamodeld in Sources */,
				8363F89B19185317003DE4FA /* Game+Create.m in Sources */,
				838B5CA6192C2851001DF6F8 /* VBMenuVC.m in Sources */,
				83389AB5192C18B000A7E9BF /* Stats.m in Sources */,
				83F49F081926E7840016071C /* VBGameTVC.m in Sources */,
				837CC3CE18EE1FA200BB7DF7 /* VBAppDelegate.m in Sources */,
				8338CA6D191C4D7F003450C2 /* VBPlayerCVC.m in Sources */,
				837CC3D418EE1FA200BB7DF7 /* VBViewController.m in Sources */,
				837CC3CA18EE1FA200BB7DF7 /* main.m in Sources */,
				83980EE5191D9AEA001C205E /* VBStatCVCell.m in Sources */,
				833A22A11919A43900626A12 /* Stats+Create.m in Sources */,
			);
			runOnlyForDeploymentPostprocessing = 0;
		};
		837CC3D718EE1FA200BB7DF7 /* Sources */ = {
			isa = PBXSourcesBuildPhase;
			buildActionMask = 2147483647;
			files = (
				837CC3E918EE1FA200BB7DF7 /* Volleyball_Stats_ProTests.m in Sources */,
			);
			runOnlyForDeploymentPostprocessing = 0;
		};
/* End PBXSourcesBuildPhase section */

/* Begin PBXTargetDependency section */
		837CC3E118EE1FA200BB7DF7 /* PBXTargetDependency */ = {
			isa = PBXTargetDependency;
			target = 837CC3B918EE1FA200BB7DF7 /* Volleyball Stats Pro */;
			targetProxy = 837CC3E018EE1FA200BB7DF7 /* PBXContainerItemProxy */;
		};
/* End PBXTargetDependency section */

/* Begin PBXVariantGroup section */
		837CC3C618EE1FA200BB7DF7 /* InfoPlist.strings */ = {
			isa = PBXVariantGroup;
			children = (
				837CC3C718EE1FA200BB7DF7 /* en */,
			);
			name = InfoPlist.strings;
			sourceTree = "<group>";
		};
		837CC3CF18EE1FA200BB7DF7 /* Main.storyboard */ = {
			isa = PBXVariantGroup;
			children = (
				837CC3D018EE1FA200BB7DF7 /* Base */,
			);
			name = Main.storyboard;
			sourceTree = "<group>";
		};
		837CC3E518EE1FA200BB7DF7 /* InfoPlist.strings */ = {
			isa = PBXVariantGroup;
			children = (
				837CC3E618EE1FA200BB7DF7 /* en */,
			);
			name = InfoPlist.strings;
			sourceTree = "<group>";
		};
/* End PBXVariantGroup section */

/* Begin XCBuildConfiguration section */
		837CC3EA18EE1FA200BB7DF7 /* Debug */ = {
			isa = XCBuildConfiguration;
			buildSettings = {
				ALWAYS_SEARCH_USER_PATHS = NO;
				CLANG_CXX_LANGUAGE_STANDARD = "gnu++0x";
				CLANG_CXX_LIBRARY = "libc++";
				CLANG_ENABLE_MODULES = YES;
				CLANG_ENABLE_OBJC_ARC = YES;
				CLANG_WARN_BOOL_CONVERSION = YES;
				CLANG_WARN_CONSTANT_CONVERSION = YES;
				CLANG_WARN_DIRECT_OBJC_ISA_USAGE = YES_ERROR;
				CLANG_WARN_EMPTY_BODY = YES;
				CLANG_WARN_ENUM_CONVERSION = YES;
				CLANG_WARN_INT_CONVERSION = YES;
				CLANG_WARN_OBJC_ROOT_CLASS = YES_ERROR;
				CLANG_WARN__DUPLICATE_METHOD_MATCH = YES;
				"CODE_SIGN_IDENTITY[sdk=iphoneos*]" = "iPhone Developer";
				COPY_PHASE_STRIP = NO;
				GCC_C_LANGUAGE_STANDARD = gnu99;
				GCC_DYNAMIC_NO_PIC = NO;
				GCC_OPTIMIZATION_LEVEL = 0;
				GCC_PREPROCESSOR_DEFINITIONS = (
					"DEBUG=1",
					"$(inherited)",
				);
				GCC_SYMBOLS_PRIVATE_EXTERN = NO;
				GCC_WARN_64_TO_32_BIT_CONVERSION = YES;
				GCC_WARN_ABOUT_RETURN_TYPE = YES_ERROR;
				GCC_WARN_UNDECLARED_SELECTOR = YES;
				GCC_WARN_UNINITIALIZED_AUTOS = YES;
				GCC_WARN_UNUSED_FUNCTION = YES;
				GCC_WARN_UNUSED_VARIABLE = YES;
				IPHONEOS_DEPLOYMENT_TARGET = 7.1;
				ONLY_ACTIVE_ARCH = YES;
				SDKROOT = iphoneos;
				TARGETED_DEVICE_FAMILY = 2;
			};
			name = Debug;
		};
		837CC3EB18EE1FA200BB7DF7 /* Release */ = {
			isa = XCBuildConfiguration;
			buildSettings = {
				ALWAYS_SEARCH_USER_PATHS = NO;
				CLANG_CXX_LANGUAGE_STANDARD = "gnu++0x";
				CLANG_CXX_LIBRARY = "libc++";
				CLANG_ENABLE_MODULES = YES;
				CLANG_ENABLE_OBJC_ARC = YES;
				CLANG_WARN_BOOL_CONVERSION = YES;
				CLANG_WARN_CONSTANT_CONVERSION = YES;
				CLANG_WARN_DIRECT_OBJC_ISA_USAGE = YES_ERROR;
				CLANG_WARN_EMPTY_BODY = YES;
				CLANG_WARN_ENUM_CONVERSION = YES;
				CLANG_WARN_INT_CONVERSION = YES;
				CLANG_WARN_OBJC_ROOT_CLASS = YES_ERROR;
				CLANG_WARN__DUPLICATE_METHOD_MATCH = YES;
				"CODE_SIGN_IDENTITY[sdk=iphoneos*]" = "iPhone Developer";
				COPY_PHASE_STRIP = YES;
				ENABLE_NS_ASSERTIONS = NO;
				GCC_C_LANGUAGE_STANDARD = gnu99;
				GCC_WARN_64_TO_32_BIT_CONVERSION = YES;
				GCC_WARN_ABOUT_RETURN_TYPE = YES_ERROR;
				GCC_WARN_UNDECLARED_SELECTOR = YES;
				GCC_WARN_UNINITIALIZED_AUTOS = YES;
				GCC_WARN_UNUSED_FUNCTION = YES;
				GCC_WARN_UNUSED_VARIABLE = YES;
				IPHONEOS_DEPLOYMENT_TARGET = 7.1;
				SDKROOT = iphoneos;
				TARGETED_DEVICE_FAMILY = 2;
				VALIDATE_PRODUCT = YES;
			};
			name = Release;
		};
		837CC3ED18EE1FA200BB7DF7 /* Debug */ = {
			isa = XCBuildConfiguration;
			buildSettings = {
				ASSETCATALOG_COMPILER_APPICON_NAME = AppIcon;
				ASSETCATALOG_COMPILER_LAUNCHIMAGE_NAME = LaunchImage;
				GCC_PRECOMPILE_PREFIX_HEADER = YES;
				GCC_PREFIX_HEADER = "Volleyball Stats Pro/Volleyball Stats Pro-Prefix.pch";
				INFOPLIST_FILE = "Volleyball Stats Pro/Volleyball Stats Pro-Info.plist";
				PRODUCT_NAME = "$(TARGET_NAME)";
				WRAPPER_EXTENSION = app;
			};
			name = Debug;
		};
		837CC3EE18EE1FA200BB7DF7 /* Release */ = {
			isa = XCBuildConfiguration;
			buildSettings = {
				ASSETCATALOG_COMPILER_APPICON_NAME = AppIcon;
				ASSETCATALOG_COMPILER_LAUNCHIMAGE_NAME = LaunchImage;
				GCC_PRECOMPILE_PREFIX_HEADER = YES;
				GCC_PREFIX_HEADER = "Volleyball Stats Pro/Volleyball Stats Pro-Prefix.pch";
				INFOPLIST_FILE = "Volleyball Stats Pro/Volleyball Stats Pro-Info.plist";
				PRODUCT_NAME = "$(TARGET_NAME)";
				WRAPPER_EXTENSION = app;
			};
			name = Release;
		};
		837CC3F018EE1FA200BB7DF7 /* Debug */ = {
			isa = XCBuildConfiguration;
			buildSettings = {
				BUNDLE_LOADER = "$(BUILT_PRODUCTS_DIR)/Volleyball Stats Pro.app/Volleyball Stats Pro";
				FRAMEWORK_SEARCH_PATHS = (
					"$(SDKROOT)/Developer/Library/Frameworks",
					"$(inherited)",
					"$(DEVELOPER_FRAMEWORKS_DIR)",
				);
				GCC_PRECOMPILE_PREFIX_HEADER = YES;
				GCC_PREFIX_HEADER = "Volleyball Stats Pro/Volleyball Stats Pro-Prefix.pch";
				GCC_PREPROCESSOR_DEFINITIONS = (
					"DEBUG=1",
					"$(inherited)",
				);
				INFOPLIST_FILE = "Volleyball Stats ProTests/Volleyball Stats ProTests-Info.plist";
				PRODUCT_NAME = "$(TARGET_NAME)";
				TEST_HOST = "$(BUNDLE_LOADER)";
				WRAPPER_EXTENSION = xctest;
			};
			name = Debug;
		};
		837CC3F118EE1FA200BB7DF7 /* Release */ = {
			isa = XCBuildConfiguration;
			buildSettings = {
				BUNDLE_LOADER = "$(BUILT_PRODUCTS_DIR)/Volleyball Stats Pro.app/Volleyball Stats Pro";
				FRAMEWORK_SEARCH_PATHS = (
					"$(SDKROOT)/Developer/Library/Frameworks",
					"$(inherited)",
					"$(DEVELOPER_FRAMEWORKS_DIR)",
				);
				GCC_PRECOMPILE_PREFIX_HEADER = YES;
				GCC_PREFIX_HEADER = "Volleyball Stats Pro/Volleyball Stats Pro-Prefix.pch";
				INFOPLIST_FILE = "Volleyball Stats ProTests/Volleyball Stats ProTests-Info.plist";
				PRODUCT_NAME = "$(TARGET_NAME)";
				TEST_HOST = "$(BUNDLE_LOADER)";
				WRAPPER_EXTENSION = xctest;
			};
			name = Release;
		};
/* End XCBuildConfiguration section */

/* Begin XCConfigurationList section */
		837CC3B518EE1FA200BB7DF7 /* Build configuration list for PBXProject "Volleyball Stats Pro" */ = {
			isa = XCConfigurationList;
			buildConfigurations = (
				837CC3EA18EE1FA200BB7DF7 /* Debug */,
				837CC3EB18EE1FA200BB7DF7 /* Release */,
			);
			defaultConfigurationIsVisible = 0;
			defaultConfigurationName = Release;
		};
		837CC3EC18EE1FA200BB7DF7 /* Build configuration list for PBXNativeTarget "Volleyball Stats Pro" */ = {
			isa = XCConfigurationList;
			buildConfigurations = (
				837CC3ED18EE1FA200BB7DF7 /* Debug */,
				837CC3EE18EE1FA200BB7DF7 /* Release */,
			);
			defaultConfigurationIsVisible = 0;
			defaultConfigurationName = Release;
		};
		837CC3EF18EE1FA200BB7DF7 /* Build configuration list for PBXNativeTarget "Volleyball Stats ProTests" */ = {
			isa = XCConfigurationList;
			buildConfigurations = (
				837CC3F018EE1FA200BB7DF7 /* Debug */,
				837CC3F118EE1FA200BB7DF7 /* Release */,
			);
			defaultConfigurationIsVisible = 0;
			defaultConfigurationName = Release;
		};
/* End XCConfigurationList section */

/* Begin XCVersionGroup section */
		839A58181905DB6F00512E52 /* Player.xcdatamodeld */ = {
			isa = XCVersionGroup;
			children = (
				839A58191905DB6F00512E52 /* Player.xcdatamodel */,
			);
			currentVersion = 839A58191905DB6F00512E52 /* Player.xcdatamodel */;
			path = Player.xcdatamodeld;
			sourceTree = "<group>";
			versionGroupType = wrapper.xcdatamodel;
		};
/* End XCVersionGroup section */
	};
	rootObject = 837CC3B218EE1FA200BB7DF7 /* Project object */;
}
